
Microsoft Visual Studio Solution File, Format Version 12.00
# Visual Studio Version 17
VisualStudioVersion = 17.8.34330.188
MinimumVisualStudioVersion = 10.0.40219.1
Project("{FAE04EC0-301F-11D3-BF4B-00C04F79EFBC}") = "SaleManagementLibrary", "SaleManagementLibrary\SaleManagementLibrary.csproj", "{54FF8F56-302F-4AE2-AF72-32A6710A9CDD}"
EndProject
Project("{FAE04EC0-301F-11D3-BF4B-00C04F79EFBC}") = "SaleManagement", "SaleManagement\SaleManagement.csproj", "{2BA45D0C-7697-4D4E-A993-C1A03C13FD0E}"
EndProject
Global
	GlobalSection(SolutionConfigurationPlatforms) = preSolution
		Debug|Any CPU = Debug|Any CPU
		Release|Any CPU = Release|Any CPU
	EndGlobalSection
	GlobalSection(ProjectConfigurationPlatforms) = postSolution
		{54FF8F56-302F-4AE2-AF72-32A6710A9CDD}.Debug|Any CPU.ActiveCfg = Debug|Any CPU
		{54FF8F56-302F-4AE2-AF72-32A6710A9CDD}.Debug|Any CPU.Build.0 = Debug|Any CPU
		{54FF8F56-302F-4AE2-AF72-32A6710A9CDD}.Release|Any CPU.ActiveCfg = Release|Any CPU
		{54FF8F56-302F-4AE2-AF72-32A6710A9CDD}.Release|Any CPU.Build.0 = Release|Any CPU
		{2BA45D0C-7697-4D4E-A993-C1A03C13FD0E}.Debug|Any CPU.ActiveCfg = Debug|Any CPU
		{2BA45D0C-7697-4D4E-A993-C1A03C13FD0E}.Debug|Any CPU.Build.0 = Debug|Any CPU
		{2BA45D0C-7697-4D4E-A993-C1A03C13FD0E}.Release|Any CPU.ActiveCfg = Release|Any CPU
		{2BA45D0C-7697-4D4E-A993-C1A03C13FD0E}.Release|Any CPU.Build.0 = Release|Any CPU
	EndGlobalSection
	GlobalSection(SolutionProperties) = preSolution
		HideSolutionNode = FALSE
	EndGlobalSection
	GlobalSection(ExtensibilityGlobals) = postSolution
		SolutionGuid = {D1223D07-D64F-40C9-B431-3B1452E3D6B5}
	EndGlobalSection
EndGlobal
